
Microsoft Visual Studio Solution File, Format Version 12.00
# Visual Studio 15
VisualStudioVersion = 15.0.28307.1500
MinimumVisualStudioVersion = 10.0.40219.1
Project("{FAE04EC0-301F-11D3-BF4B-00C04F79EFBC}") = "LogicLoopConsoleApp-a", "LogicLoopConsoleApp-a\LogicLoopConsoleApp-a.csproj", "{DBE52003-1DF8-4801-87A9-D0EFD2CCB478}"
EndProject
Global
	GlobalSection(SolutionConfigurationPlatforms) = preSolution
		Debug|Any CPU = Debug|Any CPU
		Release|Any CPU = Release|Any CPU
	EndGlobalSection
	GlobalSection(ProjectConfigurationPlatforms) = postSolution
		{DBE52003-1DF8-4801-87A9-D0EFD2CCB478}.Debug|Any CPU.ActiveCfg = Debug|Any CPU
		{DBE52003-1DF8-4801-87A9-D0EFD2CCB478}.Debug|Any CPU.Build.0 = Debug|Any CPU
		{DBE52003-1DF8-4801-87A9-D0EFD2CCB478}.Release|Any CPU.ActiveCfg = Release|Any CPU
		{DBE52003-1DF8-4801-87A9-D0EFD2CCB478}.Release|Any CPU.Build.0 = Release|Any CPU
	EndGlobalSection
	GlobalSection(SolutionProperties) = preSolution
		HideSolutionNode = FALSE
	EndGlobalSection
	GlobalSection(ExtensibilityGlobals) = postSolution
		SolutionGuid = {BBFA40DE-E5C1-4DAA-9900-0E89C36A1928}
	EndGlobalSection
EndGlobal
