
Microsoft Visual Studio Solution File, Format Version 12.00
# Visual Studio 15
VisualStudioVersion = 15.0.28307.1500
MinimumVisualStudioVersion = 10.0.40219.1
Project("{FAE04EC0-301F-11D3-BF4B-00C04F79EFBC}") = "LogicLoopConsoleApp-b", "LogicLoopConsoleApp-b\LogicLoopConsoleApp-b.csproj", "{FC8CB27A-FB3D-4A9F-B48E-64341A5B68EF}"
EndProject
Global
	GlobalSection(SolutionConfigurationPlatforms) = preSolution
		Debug|Any CPU = Debug|Any CPU
		Release|Any CPU = Release|Any CPU
	EndGlobalSection
	GlobalSection(ProjectConfigurationPlatforms) = postSolution
		{FC8CB27A-FB3D-4A9F-B48E-64341A5B68EF}.Debug|Any CPU.ActiveCfg = Debug|Any CPU
		{FC8CB27A-FB3D-4A9F-B48E-64341A5B68EF}.Debug|Any CPU.Build.0 = Debug|Any CPU
		{FC8CB27A-FB3D-4A9F-B48E-64341A5B68EF}.Release|Any CPU.ActiveCfg = Release|Any CPU
		{FC8CB27A-FB3D-4A9F-B48E-64341A5B68EF}.Release|Any CPU.Build.0 = Release|Any CPU
	EndGlobalSection
	GlobalSection(SolutionProperties) = preSolution
		HideSolutionNode = FALSE
	EndGlobalSection
	GlobalSection(ExtensibilityGlobals) = postSolution
		SolutionGuid = {B74DA655-5019-4B28-98A4-3D327CC1755E}
	EndGlobalSection
EndGlobal
